{
  "lockfile_version": "1",
  "packages": {
    "bun@latest": {
      "last_modified": "2025-07-08T04:39:49Z",
      "resolved": "github:NixOS/nixpkgs/9b008d60392981ad674e04016d25619281550a9d#bun",
      "source": "devbox-search",
      "version": "1.2.18",
      "systems": {
        "aarch64-darwin": {
          "outputs": [
            {
              "name": "out",
              "path": "/nix/store/slfskkp9cz1ljh541rmdbhhm8gislh1r-bun-1.2.18",
              "default": true
            }
          ],
          "store_path": "/nix/store/slfskkp9cz1ljh541rmdbhhm8gislh1r-bun-1.2.18"
        },
        "aarch64-linux": {
          "outputs": [
            {
              "name": "out",
              "path": "/nix/store/m9k5c1qlr0snn4plyi1akh5ijcl0d7lb-bun-1.2.18",
              "default": true
            }
          ],
          "store_path": "/nix/store/m9k5c1qlr0snn4plyi1akh5ijcl0d7lb-bun-1.2.18"
        },
        "x86_64-darwin": {
          "outputs": [
            {
              "name": "out",
              "path": "/nix/store/8zl7kqf0kry6m8imrr5xs56rkyh45svk-bun-1.2.18",
              "default": true
            }
          ],
          "store_path": "/nix/store/8zl7kqf0kry6m8imrr5xs56rkyh45svk-bun-1.2.18"
        },
        "x86_64-linux": {
          "outputs": [
            {
              "name": "out",
              "path": "/nix/store/k088fsmj70ywj5vix7x7kjz87yq012cn-bun-1.2.18",
              "default": true
            }
          ],
          "store_path": "/nix/store/k088fsmj70ywj5vix7x7kjz87yq012cn-bun-1.2.18"
        }
      }
    },
    "github:NixOS/nixpkgs/nixpkgs-unstable": {
      "last_modified": "2025-06-27T03:16:46Z",
      "resolved": "github:NixOS/nixpkgs/80d50fc87924c2a0d346372d242c27973cf8cdbf?lastModified=1750994206&narHash=sha256-3u6rEbIX9CN%2F5A5%2Fmc3u0wIO1geZ0EhjvPBXmRDHqWM%3D"
    }
  }
}
